
Microsoft Visual Studio Solution File, Format Version 12.00
# Visual Studio Version 16
VisualStudioVersion = 16.0.30804.86
MinimumVisualStudioVersion = 10.0.40219.1
Project("{FAE04EC0-301F-11D3-BF4B-00C04F79EFBC}") = "WebApplication", "WebApplication\WebApplication.csproj", "{7AEA0D86-2D86-400D-8532-ECBE6C498854}"
EndProject
Global
	GlobalSection(SolutionConfigurationPlatforms) = preSolution
		Debug|Any CPU = Debug|Any CPU
		Release|Any CPU = Release|Any CPU
	EndGlobalSection
	GlobalSection(ProjectConfigurationPlatforms) = postSolution
		{7AEA0D86-2D86-400D-8532-ECBE6C498854}.Debug|Any CPU.ActiveCfg = Debug|Any CPU
		{7AEA0D86-2D86-400D-8532-ECBE6C498854}.Debug|Any CPU.Build.0 = Debug|Any CPU
		{7AEA0D86-2D86-400D-8532-ECBE6C498854}.Release|Any CPU.ActiveCfg = Release|Any CPU
		{7AEA0D86-2D86-400D-8532-ECBE6C498854}.Release|Any CPU.Build.0 = Release|Any CPU
	EndGlobalSection
	GlobalSection(SolutionProperties) = preSolution
		HideSolutionNode = FALSE
	EndGlobalSection
	GlobalSection(ExtensibilityGlobals) = postSolution
		SolutionGuid = {EA3B8AE7-1E83-462D-871D-A2DA45162076}
	EndGlobalSection
EndGlobal
